{
  "name": "python-in-node",
  "version": "1.0.0",
  "lockfileVersion": 2,
  "requires": true,
  "packages": {
    "": {
      "name": "python-in-node",
      "version": "1.0.0",
      "license": "MIT",
      "os": [
        "linux"
      ],
      "engines": {
        "node": "16.x",
        "npm": "8.x"
      }
    }
  }
}
